
Microsoft Visual Studio Solution File, Format Version 12.00
# Visual Studio Version 16
VisualStudioVersion = 16.0.31112.23
MinimumVisualStudioVersion = 10.0.40219.1
Project("{FAE04EC0-301F-11D3-BF4B-00C04F79EFBC}") = "Nhsbt.LD.AutomationTests", "Nhsbt.LD.AutomationTests\Nhsbt.LD.AutomationTests.csproj", "{0AF3A949-6372-4B99-A247-0C5518B8E80F}"
EndProject
Project("{FAE04EC0-301F-11D3-BF4B-00C04F79EFBC}") = "Gurock.TestRail", "..\..\..\Downloads\testrail-api-master\testrail-api-master\dotnet\Gurock.TestRail.csproj", "{2162E7EE-ED4C-4C41-8E21-66976AB11D1A}"
EndProject
Global
	GlobalSection(SolutionConfigurationPlatforms) = preSolution
		Debug|Any CPU = Debug|Any CPU
		Release|Any CPU = Release|Any CPU
	EndGlobalSection
	GlobalSection(ProjectConfigurationPlatforms) = postSolution
		{0AF3A949-6372-4B99-A247-0C5518B8E80F}.Debug|Any CPU.ActiveCfg = Debug|Any CPU
		{0AF3A949-6372-4B99-A247-0C5518B8E80F}.Debug|Any CPU.Build.0 = Debug|Any CPU
		{0AF3A949-6372-4B99-A247-0C5518B8E80F}.Release|Any CPU.ActiveCfg = Release|Any CPU
		{0AF3A949-6372-4B99-A247-0C5518B8E80F}.Release|Any CPU.Build.0 = Release|Any CPU
		{2162E7EE-ED4C-4C41-8E21-66976AB11D1A}.Debug|Any CPU.ActiveCfg = Debug|Any CPU
		{2162E7EE-ED4C-4C41-8E21-66976AB11D1A}.Debug|Any CPU.Build.0 = Debug|Any CPU
		{2162E7EE-ED4C-4C41-8E21-66976AB11D1A}.Release|Any CPU.ActiveCfg = Release|Any CPU
		{2162E7EE-ED4C-4C41-8E21-66976AB11D1A}.Release|Any CPU.Build.0 = Release|Any CPU
	EndGlobalSection
	GlobalSection(SolutionProperties) = preSolution
		HideSolutionNode = FALSE
	EndGlobalSection
	GlobalSection(ExtensibilityGlobals) = postSolution
		SolutionGuid = {D1151F94-A048-4E71-82E2-01D44DB9065A}
	EndGlobalSection
EndGlobal
